
Microsoft Visual Studio Solution File, Format Version 12.00
# Visual Studio 2015
Project("{FAE04EC0-301F-11D3-BF4B-00C04F79EFBC}") = "block breaker.CSharp", "block breaker.CSharp.csproj", "{5DFB9A12-A226-6995-56EB-39F1C2D5580B}"
EndProject
Global
	GlobalSection(SolutionConfigurationPlatforms) = preSolution
		Debug|Any CPU = Debug|Any CPU
		Release|Any CPU = Release|Any CPU
	EndGlobalSection
	GlobalSection(ProjectConfigurationPlatforms) = postSolution
		{5DFB9A12-A226-6995-56EB-39F1C2D5580B}.Debug|Any CPU.ActiveCfg = Debug|Any CPU
		{5DFB9A12-A226-6995-56EB-39F1C2D5580B}.Debug|Any CPU.Build.0 = Debug|Any CPU
		{5DFB9A12-A226-6995-56EB-39F1C2D5580B}.Release|Any CPU.ActiveCfg = Release|Any CPU
		{5DFB9A12-A226-6995-56EB-39F1C2D5580B}.Release|Any CPU.Build.0 = Release|Any CPU
	EndGlobalSection
	GlobalSection(SolutionProperties) = preSolution
		HideSolutionNode = FALSE
	EndGlobalSection
EndGlobal
