
Microsoft Visual Studio Solution File, Format Version 12.00
# Visual Studio 2015
Project("{FAE04EC0-301F-11D3-BF4B-00C04F79EFBC}") = "nikutai-block3D.CSharp.Plugins", "nikutai-block3D.CSharp.Plugins.csproj", "{3D310CCA-D41B-4758-C890-649B47618EEE}"
EndProject
Project("{FAE04EC0-301F-11D3-BF4B-00C04F79EFBC}") = "nikutai-block3D.CSharp", "nikutai-block3D.CSharp.csproj", "{F950B827-074E-C6CC-AAEB-76EBD8E2F672}"
EndProject
Project("{FAE04EC0-301F-11D3-BF4B-00C04F79EFBC}") = "nikutai-block3D.CSharp.Editor", "nikutai-block3D.CSharp.Editor.csproj", "{9E325C68-B80F-3F91-2E42-764D8815281E}"
EndProject
Global
	GlobalSection(SolutionConfigurationPlatforms) = preSolution
		Debug|Any CPU = Debug|Any CPU
		Release|Any CPU = Release|Any CPU
	EndGlobalSection
	GlobalSection(ProjectConfigurationPlatforms) = postSolution
		{3D310CCA-D41B-4758-C890-649B47618EEE}.Debug|Any CPU.ActiveCfg = Debug|Any CPU
		{3D310CCA-D41B-4758-C890-649B47618EEE}.Debug|Any CPU.Build.0 = Debug|Any CPU
		{3D310CCA-D41B-4758-C890-649B47618EEE}.Release|Any CPU.ActiveCfg = Release|Any CPU
		{3D310CCA-D41B-4758-C890-649B47618EEE}.Release|Any CPU.Build.0 = Release|Any CPU
		{F950B827-074E-C6CC-AAEB-76EBD8E2F672}.Debug|Any CPU.ActiveCfg = Debug|Any CPU
		{F950B827-074E-C6CC-AAEB-76EBD8E2F672}.Debug|Any CPU.Build.0 = Debug|Any CPU
		{F950B827-074E-C6CC-AAEB-76EBD8E2F672}.Release|Any CPU.ActiveCfg = Release|Any CPU
		{F950B827-074E-C6CC-AAEB-76EBD8E2F672}.Release|Any CPU.Build.0 = Release|Any CPU
		{9E325C68-B80F-3F91-2E42-764D8815281E}.Debug|Any CPU.ActiveCfg = Debug|Any CPU
		{9E325C68-B80F-3F91-2E42-764D8815281E}.Debug|Any CPU.Build.0 = Debug|Any CPU
		{9E325C68-B80F-3F91-2E42-764D8815281E}.Release|Any CPU.ActiveCfg = Release|Any CPU
		{9E325C68-B80F-3F91-2E42-764D8815281E}.Release|Any CPU.Build.0 = Release|Any CPU
	EndGlobalSection
	GlobalSection(SolutionProperties) = preSolution
		HideSolutionNode = FALSE
	EndGlobalSection
EndGlobal
