Microsoft Visual Studio Solution File, Format Version 11.00
# Visual Studio 2008

Project("{511C3447-BE91-931F-7DED-8E3681F914EE}") = "nikutai-block3D", "Assembly-CSharp.csproj", "{A095A590-0367-E702-4285-67C4640AF294}"
EndProject
Global
	GlobalSection(SolutionConfigurationPlatforms) = preSolution
		Debug|Any CPU = Debug|Any CPU
		Release|Any CPU = Release|Any CPU
	EndGlobalSection
	GlobalSection(ProjectConfigurationPlatforms) = postSolution
		{A095A590-0367-E702-4285-67C4640AF294}.Debug|Any CPU.ActiveCfg = Debug|Any CPU
		{A095A590-0367-E702-4285-67C4640AF294}.Debug|Any CPU.Build.0 = Debug|Any CPU
		{A095A590-0367-E702-4285-67C4640AF294}.Release|Any CPU.ActiveCfg = Release|Any CPU
		{A095A590-0367-E702-4285-67C4640AF294}.Release|Any CPU.Build.0 = Release|Any CPU
	EndGlobalSection
	GlobalSection(SolutionProperties) = preSolution
		HideSolutionNode = FALSE
	EndGlobalSection
	GlobalSection(MonoDevelopProperties) = preSolution
		StartupItem = Assembly-CSharp.csproj
	EndGlobalSection
EndGlobal
